// !$*UTF8*$!
{
	archiveVersion = 1;
	classes = {
	};
	objectVersion = 77;
	objects = {

/* Begin PBXBuildFile section */
		0EB39C887B4FFC0DBA8E5641 /* fixer.icon in Resources */ = {isa = PBXBuildFile; fileRef = 97F3C0E5D01F1C8B03B8E342 /* fixer.icon */; };
		15DF71EC067F09FCED591479 /* PermissionsManager.swift in Sources */ = {isa = PBXBuildFile; fileRef = 06CD797287CB57C2F6C91315 /* PermissionsManager.swift */; };
		1762D867DFF1C26E7BF9927B /* Models.swift in Sources */ = {isa = PBXBuildFile; fileRef = 26818C7CAB4F86157EDD57B7 /* Models.swift */; };
		1BC6A1CF68A8F67666491A69 /* HotkeyCoordinator.swift in Sources */ = {isa = PBXBuildFile; fileRef = 746C124E26015BFAE4C51499 /* HotkeyCoordinator.swift */; };
		39D24343428B5D76B93E2B2E /* KeychainManager.swift in Sources */ = {isa = PBXBuildFile; fileRef = 6BF9F1DEE3EF62B8158FF77F /* KeychainManager.swift */; };
		605C6B3DD29A7587CEF492F4 /* AppState.swift in Sources */ = {isa = PBXBuildFile; fileRef = 0003A7EBAE89294DFC316AA5 /* AppState.swift */; };
		65923C05D12571A404B183D5 /* StarterLibrary.swift in Sources */ = {isa = PBXBuildFile; fileRef = 807FAC5C009A4D8035F8E6C8 /* StarterLibrary.swift */; };
		7A04C961FC60E311C01A3948 /* FixerTheme.swift in Sources */ = {isa = PBXBuildFile; fileRef = 028ACD0BD54DF7D07A3C82A5 /* FixerTheme.swift */; };
		7E1114E203D0E4BEA7E3647F /* HUD.swift in Sources */ = {isa = PBXBuildFile; fileRef = BDB99BB52769A64B0A576C8A /* HUD.swift */; };
		81ABE74BB47CF0CD9DE14799 /* SettingsView.swift in Sources */ = {isa = PBXBuildFile; fileRef = 9A55FEDB10ED1959D8A75D86 /* SettingsView.swift */; };
		82CC8AAB6A28D2D6A8A8B27E /* Assets.xcassets in Resources */ = {isa = PBXBuildFile; fileRef = 45E50F476CDD1F1427B0E7EA /* Assets.xcassets */; };
		846257E6F0C1045A824E029F /* GeminiAPI.swift in Sources */ = {isa = PBXBuildFile; fileRef = 0FB533719303E8C308F8D79B /* GeminiAPI.swift */; };
		88D2039EE759E639E2590656 /* SettingsManager.swift in Sources */ = {isa = PBXBuildFile; fileRef = B757ADFA760834438C25DA61 /* SettingsManager.swift */; };
		9FA134C8D24D563DFCE627EF /* KeychainAccess in Frameworks */ = {isa = PBXBuildFile; productRef = 9C8579BDE25EFDCE445935AB /* KeychainAccess */; };
		B6B349153DAB48D3C2D7D83B /* ActionRunner.swift in Sources */ = {isa = PBXBuildFile; fileRef = E369C3A1AC746D901309F9C6 /* ActionRunner.swift */; };
		C10EFCEC39D511917E6B6058 /* FixerComponents.swift in Sources */ = {isa = PBXBuildFile; fileRef = 29D80FF6FD4202BCFA967246 /* FixerComponents.swift */; };
		C4F3DED260B0449245CD50DF /* ArchivoNarrow.ttf in Resources */ = {isa = PBXBuildFile; fileRef = B4138ACC2F2D2C5112932DE2 /* ArchivoNarrow.ttf */; };
		D48E915BD07BD6F134C20D0C /* App.swift in Sources */ = {isa = PBXBuildFile; fileRef = 7A8A993647523851E86E836A /* App.swift */; };
		DDB6304213B599420D984191 /* ClipboardManager.swift in Sources */ = {isa = PBXBuildFile; fileRef = 3165DAAF8BBA7BB7243B0BD4 /* ClipboardManager.swift */; };
		F7EB6CE1B0A27A77CA2A510B /* KeyboardShortcuts in Frameworks */ = {isa = PBXBuildFile; productRef = 1DD6D04E86F16A6F5E87A07B /* KeyboardShortcuts */; };
		F99F735AA56965F402E26D0E /* ActionEditor.swift in Sources */ = {isa = PBXBuildFile; fileRef = D1B42C87C5A72FC9077601E7 /* ActionEditor.swift */; };
/* End PBXBuildFile section */

/* Begin PBXFileReference section */
		0003A7EBAE89294DFC316AA5 /* AppState.swift */ = {isa = PBXFileReference; lastKnownFileType = sourcecode.swift; path = AppState.swift; sourceTree = "<group>"; };
		028ACD0BD54DF7D07A3C82A5 /* FixerTheme.swift */ = {isa = PBXFileReference; lastKnownFileType = sourcecode.swift; path = FixerTheme.swift; sourceTree = "<group>"; };
		06CD797287CB57C2F6C91315 /* PermissionsManager.swift */ = {isa = PBXFileReference; lastKnownFileType = sourcecode.swift; path = PermissionsManager.swift; sourceTree = "<group>"; };
		0FB533719303E8C308F8D79B /* GeminiAPI.swift */ = {isa = PBXFileReference; lastKnownFileType = sourcecode.swift; path = GeminiAPI.swift; sourceTree = "<group>"; };
		26818C7CAB4F86157EDD57B7 /* Models.swift */ = {isa = PBXFileReference; lastKnownFileType = sourcecode.swift; path = Models.swift; sourceTree = "<group>"; };
		29D80FF6FD4202BCFA967246 /* FixerComponents.swift */ = {isa = PBXFileReference; lastKnownFileType = sourcecode.swift; path = FixerComponents.swift; sourceTree = "<group>"; };
		3165DAAF8BBA7BB7243B0BD4 /* ClipboardManager.swift */ = {isa = PBXFileReference; lastKnownFileType = sourcecode.swift; path = ClipboardManager.swift; sourceTree = "<group>"; };
		45E50F476CDD1F1427B0E7EA /* Assets.xcassets */ = {isa = PBXFileReference; lastKnownFileType = folder.assetcatalog; path = Assets.xcassets; sourceTree = "<group>"; };
		6A68F53B00F9FFED083AC525 /* GeminiMacros.app */ = {isa = PBXFileReference; explicitFileType = wrapper.application; includeInIndex = 0; path = GeminiMacros.app; sourceTree = BUILT_PRODUCTS_DIR; };
		6BF9F1DEE3EF62B8158FF77F /* KeychainManager.swift */ = {isa = PBXFileReference; lastKnownFileType = sourcecode.swift; path = KeychainManager.swift; sourceTree = "<group>"; };
		746C124E26015BFAE4C51499 /* HotkeyCoordinator.swift */ = {isa = PBXFileReference; lastKnownFileType = sourcecode.swift; path = HotkeyCoordinator.swift; sourceTree = "<group>"; };
		7A8A993647523851E86E836A /* App.swift */ = {isa = PBXFileReference; lastKnownFileType = sourcecode.swift; path = App.swift; sourceTree = "<group>"; };
		807FAC5C009A4D8035F8E6C8 /* StarterLibrary.swift */ = {isa = PBXFileReference; lastKnownFileType = sourcecode.swift; path = StarterLibrary.swift; sourceTree = "<group>"; };
		97F3C0E5D01F1C8B03B8E342 /* fixer.icon */ = {isa = PBXFileReference; lastKnownFileType = wrapper.icon; path = fixer.icon; sourceTree = "<group>"; };
		9A55FEDB10ED1959D8A75D86 /* SettingsView.swift */ = {isa = PBXFileReference; lastKnownFileType = sourcecode.swift; path = SettingsView.swift; sourceTree = "<group>"; };
		B4138ACC2F2D2C5112932DE2 /* ArchivoNarrow.ttf */ = {isa = PBXFileReference; lastKnownFileType = file; path = ArchivoNarrow.ttf; sourceTree = "<group>"; };
		B757ADFA760834438C25DA61 /* SettingsManager.swift */ = {isa = PBXFileReference; lastKnownFileType = sourcecode.swift; path = SettingsManager.swift; sourceTree = "<group>"; };
		BDB99BB52769A64B0A576C8A /* HUD.swift */ = {isa = PBXFileReference; lastKnownFileType = sourcecode.swift; path = HUD.swift; sourceTree = "<group>"; };
		D1B42C87C5A72FC9077601E7 /* ActionEditor.swift */ = {isa = PBXFileReference; lastKnownFileType = sourcecode.swift; path = ActionEditor.swift; sourceTree = "<group>"; };
		E369C3A1AC746D901309F9C6 /* ActionRunner.swift */ = {isa = PBXFileReference; lastKnownFileType = sourcecode.swift; path = ActionRunner.swift; sourceTree = "<group>"; };
/* End PBXFileReference section */

/* Begin PBXFrameworksBuildPhase section */
		C8D4489D23347E2DDC0BC2A9 /* Frameworks */ = {
			isa = PBXFrameworksBuildPhase;
			buildActionMask = 2147483647;
			files = (
				F7EB6CE1B0A27A77CA2A510B /* KeyboardShortcuts in Frameworks */,
				9FA134C8D24D563DFCE627EF /* KeychainAccess in Frameworks */,
			);
			runOnlyForDeploymentPostprocessing = 0;
		};
/* End PBXFrameworksBuildPhase section */

/* Begin PBXGroup section */
		1A48499D0BD82FD7B1D6DAA6 /* Products */ = {
			isa = PBXGroup;
			children = (
				6A68F53B00F9FFED083AC525 /* GeminiMacros.app */,
			);
			name = Products;
			sourceTree = "<group>";
		};
		42492EEA659A065CD099AFEA = {
			isa = PBXGroup;
			children = (
				97F3C0E5D01F1C8B03B8E342 /* fixer.icon */,
				C2740AB4D5A46074CAFCE969 /* Sources */,
				1A48499D0BD82FD7B1D6DAA6 /* Products */,
			);
			sourceTree = "<group>";
		};
		C2740AB4D5A46074CAFCE969 /* Sources */ = {
			isa = PBXGroup;
			children = (
				D1B42C87C5A72FC9077601E7 /* ActionEditor.swift */,
				E369C3A1AC746D901309F9C6 /* ActionRunner.swift */,
				7A8A993647523851E86E836A /* App.swift */,
				0003A7EBAE89294DFC316AA5 /* AppState.swift */,
				45E50F476CDD1F1427B0E7EA /* Assets.xcassets */,
				3165DAAF8BBA7BB7243B0BD4 /* ClipboardManager.swift */,
				29D80FF6FD4202BCFA967246 /* FixerComponents.swift */,
				028ACD0BD54DF7D07A3C82A5 /* FixerTheme.swift */,
				0FB533719303E8C308F8D79B /* GeminiAPI.swift */,
				746C124E26015BFAE4C51499 /* HotkeyCoordinator.swift */,
				BDB99BB52769A64B0A576C8A /* HUD.swift */,
				6BF9F1DEE3EF62B8158FF77F /* KeychainManager.swift */,
				26818C7CAB4F86157EDD57B7 /* Models.swift */,
				06CD797287CB57C2F6C91315 /* PermissionsManager.swift */,
				B757ADFA760834438C25DA61 /* SettingsManager.swift */,
				9A55FEDB10ED1959D8A75D86 /* SettingsView.swift */,
				807FAC5C009A4D8035F8E6C8 /* StarterLibrary.swift */,
				FC4BB6AFCC39F72FD8A62C7A /* Fonts */,
			);
			path = Sources;
			sourceTree = "<group>";
		};
		FC4BB6AFCC39F72FD8A62C7A /* Fonts */ = {
			isa = PBXGroup;
			children = (
				B4138ACC2F2D2C5112932DE2 /* ArchivoNarrow.ttf */,
			);
			path = Fonts;
			sourceTree = "<group>";
		};
/* End PBXGroup section */

/* Begin PBXNativeTarget section */
		3CF6D869DEF89C829E47BC3C /* GeminiMacros */ = {
			isa = PBXNativeTarget;
			buildConfigurationList = FA5193FD658B921BBF540571 /* Build configuration list for PBXNativeTarget "GeminiMacros" */;
			buildPhases = (
				F2386EBD55F1010A9A77B422 /* Sources */,
				C0B454D737A7FE61A8C2472B /* Resources */,
				C8D4489D23347E2DDC0BC2A9 /* Frameworks */,
			);
			buildRules = (
			);
			dependencies = (
			);
			name = GeminiMacros;
			packageProductDependencies = (
				1DD6D04E86F16A6F5E87A07B /* KeyboardShortcuts */,
				9C8579BDE25EFDCE445935AB /* KeychainAccess */,
			);
			productName = GeminiMacros;
			productReference = 6A68F53B00F9FFED083AC525 /* GeminiMacros.app */;
			productType = "com.apple.product-type.application";
		};
/* End PBXNativeTarget section */

/* Begin PBXProject section */
		8621C8A47797ECCEFA7B582C /* Project object */ = {
			isa = PBXProject;
			attributes = {
				BuildIndependentTargetsInParallel = YES;
				LastUpgradeCheck = 1430;
				TargetAttributes = {
				};
			};
			buildConfigurationList = 10D9FDA96AE4B6AA4CF40798 /* Build configuration list for PBXProject "GeminiMacros" */;
			developmentRegion = en;
			hasScannedForEncodings = 0;
			knownRegions = (
				Base,
				en,
			);
			mainGroup = 42492EEA659A065CD099AFEA;
			minimizedProjectReferenceProxies = 1;
			packageReferences = (
				B322512268A2AB29B0019FC5 /* XCRemoteSwiftPackageReference "KeyboardShortcuts" */,
				86D7C03B82FD202299C05680 /* XCRemoteSwiftPackageReference "KeychainAccess" */,
			);
			preferredProjectObjectVersion = 77;
			productRefGroup = 1A48499D0BD82FD7B1D6DAA6 /* Products */;
			projectDirPath = "";
			projectRoot = "";
			targets = (
				3CF6D869DEF89C829E47BC3C /* GeminiMacros */,
			);
		};
/* End PBXProject section */

/* Begin PBXResourcesBuildPhase section */
		C0B454D737A7FE61A8C2472B /* Resources */ = {
			isa = PBXResourcesBuildPhase;
			buildActionMask = 2147483647;
			files = (
				C4F3DED260B0449245CD50DF /* ArchivoNarrow.ttf in Resources */,
				82CC8AAB6A28D2D6A8A8B27E /* Assets.xcassets in Resources */,
				0EB39C887B4FFC0DBA8E5641 /* fixer.icon in Resources */,
			);
			runOnlyForDeploymentPostprocessing = 0;
		};
/* End PBXResourcesBuildPhase section */

/* Begin PBXSourcesBuildPhase section */
		F2386EBD55F1010A9A77B422 /* Sources */ = {
			isa = PBXSourcesBuildPhase;
			buildActionMask = 2147483647;
			files = (
				F99F735AA56965F402E26D0E /* ActionEditor.swift in Sources */,
				B6B349153DAB48D3C2D7D83B /* ActionRunner.swift in Sources */,
				D48E915BD07BD6F134C20D0C /* App.swift in Sources */,
				605C6B3DD29A7587CEF492F4 /* AppState.swift in Sources */,
				DDB6304213B599420D984191 /* ClipboardManager.swift in Sources */,
				C10EFCEC39D511917E6B6058 /* FixerComponents.swift in Sources */,
				7A04C961FC60E311C01A3948 /* FixerTheme.swift in Sources */,
				846257E6F0C1045A824E029F /* GeminiAPI.swift in Sources */,
				7E1114E203D0E4BEA7E3647F /* HUD.swift in Sources */,
				1BC6A1CF68A8F67666491A69 /* HotkeyCoordinator.swift in Sources */,
				39D24343428B5D76B93E2B2E /* KeychainManager.swift in Sources */,
				1762D867DFF1C26E7BF9927B /* Models.swift in Sources */,
				15DF71EC067F09FCED591479 /* PermissionsManager.swift in Sources */,
				88D2039EE759E639E2590656 /* SettingsManager.swift in Sources */,
				81ABE74BB47CF0CD9DE14799 /* SettingsView.swift in Sources */,
				65923C05D12571A404B183D5 /* StarterLibrary.swift in Sources */,
			);
			runOnlyForDeploymentPostprocessing = 0;
		};
/* End PBXSourcesBuildPhase section */

/* Begin XCBuildConfiguration section */
		1CD6B40C1CA864E540A1A02D /* Debug */ = {
			isa = XCBuildConfiguration;
			buildSettings = {
				ALWAYS_SEARCH_USER_PATHS = NO;
				CLANG_ANALYZER_NONNULL = YES;
				CLANG_ANALYZER_NUMBER_OBJECT_CONVERSION = YES_AGGRESSIVE;
				CLANG_CXX_LANGUAGE_STANDARD = "gnu++14";
				CLANG_CXX_LIBRARY = "libc++";
				CLANG_ENABLE_MODULES = YES;
				CLANG_ENABLE_OBJC_ARC = YES;
				CLANG_ENABLE_OBJC_WEAK = YES;
				CLANG_WARN_BLOCK_CAPTURE_AUTORELEASING = YES;
				CLANG_WARN_BOOL_CONVERSION = YES;
				CLANG_WARN_COMMA = YES;
				CLANG_WARN_CONSTANT_CONVERSION = YES;
				CLANG_WARN_DEPRECATED_OBJC_IMPLEMENTATIONS = YES;
				CLANG_WARN_DIRECT_OBJC_ISA_USAGE = YES_ERROR;
				CLANG_WARN_DOCUMENTATION_COMMENTS = YES;
				CLANG_WARN_EMPTY_BODY = YES;
				CLANG_WARN_ENUM_CONVERSION = YES;
				CLANG_WARN_INFINITE_RECURSION = YES;
				CLANG_WARN_INT_CONVERSION = YES;
				CLANG_WARN_NON_LITERAL_NULL_CONVERSION = YES;
				CLANG_WARN_OBJC_IMPLICIT_RETAIN_SELF = YES;
				CLANG_WARN_OBJC_LITERAL_CONVERSION = YES;
				CLANG_WARN_OBJC_ROOT_CLASS = YES_ERROR;
				CLANG_WARN_QUOTED_INCLUDE_IN_FRAMEWORK_HEADER = YES;
				CLANG_WARN_RANGE_LOOP_ANALYSIS = YES;
				CLANG_WARN_STRICT_PROTOTYPES = YES;
				CLANG_WARN_SUSPICIOUS_MOVE = YES;
				CLANG_WARN_UNGUARDED_AVAILABILITY = YES_AGGRESSIVE;
				CLANG_WARN_UNREACHABLE_CODE = YES;
				CLANG_WARN__DUPLICATE_METHOD_MATCH = YES;
				COPY_PHASE_STRIP = NO;
				DEBUG_INFORMATION_FORMAT = dwarf;
				ENABLE_STRICT_OBJC_MSGSEND = YES;
				ENABLE_TESTABILITY = YES;
				GCC_C_LANGUAGE_STANDARD = gnu11;
				GCC_DYNAMIC_NO_PIC = NO;
				GCC_NO_COMMON_BLOCKS = YES;
				GCC_OPTIMIZATION_LEVEL = 0;
				GCC_PREPROCESSOR_DEFINITIONS = (
					"$(inherited)",
					"DEBUG=1",
				);
				GCC_WARN_64_TO_32_BIT_CONVERSION = YES;
				GCC_WARN_ABOUT_RETURN_TYPE = YES_ERROR;
				GCC_WARN_UNDECLARED_SELECTOR = YES;
				GCC_WARN_UNINITIALIZED_AUTOS = YES_AGGRESSIVE;
				GCC_WARN_UNUSED_FUNCTION = YES;
				GCC_WARN_UNUSED_VARIABLE = YES;
				MACOSX_DEPLOYMENT_TARGET = 13.0;
				MTL_ENABLE_DEBUG_INFO = INCLUDE_SOURCE;
				MTL_FAST_MATH = YES;
				ONLY_ACTIVE_ARCH = YES;
				PRODUCT_NAME = "$(TARGET_NAME)";
				SDKROOT = macosx;
				SWIFT_ACTIVE_COMPILATION_CONDITIONS = DEBUG;
				SWIFT_OPTIMIZATION_LEVEL = "-Onone";
				SWIFT_VERSION = 5.0;
			};
			name = Debug;
		};
		C166AF0468F64C1D1DDBD393 /* Release */ = {
			isa = XCBuildConfiguration;
			buildSettings = {
				ASSETCATALOG_COMPILER_APPICON_NAME = fixer;
				CODE_SIGN_IDENTITY = "-";
				COMBINE_HIDPI_IMAGES = YES;
				ENABLE_HARDENED_RUNTIME = NO;
				INFOPLIST_FILE = Info.plist;
				LD_RUNPATH_SEARCH_PATHS = (
					"$(inherited)",
					"@executable_path/../Frameworks",
				);
				PRODUCT_BUNDLE_IDENTIFIER = com.geminimacros.GeminiMacros;
				PRODUCT_NAME = fixer;
				SDKROOT = macosx;
			};
			name = Release;
		};
		F204FA1E9F5B70E2E224A0B5 /* Release */ = {
			isa = XCBuildConfiguration;
			buildSettings = {
				ALWAYS_SEARCH_USER_PATHS = NO;
				CLANG_ANALYZER_NONNULL = YES;
				CLANG_ANALYZER_NUMBER_OBJECT_CONVERSION = YES_AGGRESSIVE;
				CLANG_CXX_LANGUAGE_STANDARD = "gnu++14";
				CLANG_CXX_LIBRARY = "libc++";
				CLANG_ENABLE_MODULES = YES;
				CLANG_ENABLE_OBJC_ARC = YES;
				CLANG_ENABLE_OBJC_WEAK = YES;
				CLANG_WARN_BLOCK_CAPTURE_AUTORELEASING = YES;
				CLANG_WARN_BOOL_CONVERSION = YES;
				CLANG_WARN_COMMA = YES;
				CLANG_WARN_CONSTANT_CONVERSION = YES;
				CLANG_WARN_DEPRECATED_OBJC_IMPLEMENTATIONS = YES;
				CLANG_WARN_DIRECT_OBJC_ISA_USAGE = YES_ERROR;
				CLANG_WARN_DOCUMENTATION_COMMENTS = YES;
				CLANG_WARN_EMPTY_BODY = YES;
				CLANG_WARN_ENUM_CONVERSION = YES;
				CLANG_WARN_INFINITE_RECURSION = YES;
				CLANG_WARN_INT_CONVERSION = YES;
				CLANG_WARN_NON_LITERAL_NULL_CONVERSION = YES;
				CLANG_WARN_OBJC_IMPLICIT_RETAIN_SELF = YES;
				CLANG_WARN_OBJC_LITERAL_CONVERSION = YES;
				CLANG_WARN_OBJC_ROOT_CLASS = YES_ERROR;
				CLANG_WARN_QUOTED_INCLUDE_IN_FRAMEWORK_HEADER = YES;
				CLANG_WARN_RANGE_LOOP_ANALYSIS = YES;
				CLANG_WARN_STRICT_PROTOTYPES = YES;
				CLANG_WARN_SUSPICIOUS_MOVE = YES;
				CLANG_WARN_UNGUARDED_AVAILABILITY = YES_AGGRESSIVE;
				CLANG_WARN_UNREACHABLE_CODE = YES;
				CLANG_WARN__DUPLICATE_METHOD_MATCH = YES;
				COPY_PHASE_STRIP = NO;
				DEBUG_INFORMATION_FORMAT = "dwarf-with-dsym";
				ENABLE_NS_ASSERTIONS = NO;
				ENABLE_STRICT_OBJC_MSGSEND = YES;
				GCC_C_LANGUAGE_STANDARD = gnu11;
				GCC_NO_COMMON_BLOCKS = YES;
				GCC_WARN_64_TO_32_BIT_CONVERSION = YES;
				GCC_WARN_ABOUT_RETURN_TYPE = YES_ERROR;
				GCC_WARN_UNDECLARED_SELECTOR = YES;
				GCC_WARN_UNINITIALIZED_AUTOS = YES_AGGRESSIVE;
				GCC_WARN_UNUSED_FUNCTION = YES;
				GCC_WARN_UNUSED_VARIABLE = YES;
				MACOSX_DEPLOYMENT_TARGET = 13.0;
				MTL_ENABLE_DEBUG_INFO = NO;
				MTL_FAST_MATH = YES;
				PRODUCT_NAME = "$(TARGET_NAME)";
				SDKROOT = macosx;
				SWIFT_COMPILATION_MODE = wholemodule;
				SWIFT_OPTIMIZATION_LEVEL = "-O";
				SWIFT_VERSION = 5.0;
			};
			name = Release;
		};
		FE61C77BDE0D996A774B67DD /* Debug */ = {
			isa = XCBuildConfiguration;
			buildSettings = {
				ASSETCATALOG_COMPILER_APPICON_NAME = fixer;
				CODE_SIGN_IDENTITY = "-";
				COMBINE_HIDPI_IMAGES = YES;
				ENABLE_HARDENED_RUNTIME = NO;
				INFOPLIST_FILE = Info.plist;
				LD_RUNPATH_SEARCH_PATHS = (
					"$(inherited)",
					"@executable_path/../Frameworks",
				);
				PRODUCT_BUNDLE_IDENTIFIER = com.geminimacros.GeminiMacros;
				PRODUCT_NAME = fixer;
				SDKROOT = macosx;
			};
			name = Debug;
		};
/* End XCBuildConfiguration section */

/* Begin XCConfigurationList section */
		10D9FDA96AE4B6AA4CF40798 /* Build configuration list for PBXProject "GeminiMacros" */ = {
			isa = XCConfigurationList;
			buildConfigurations = (
				1CD6B40C1CA864E540A1A02D /* Debug */,
				F204FA1E9F5B70E2E224A0B5 /* Release */,
			);
			defaultConfigurationIsVisible = 0;
			defaultConfigurationName = Debug;
		};
		FA5193FD658B921BBF540571 /* Build configuration list for PBXNativeTarget "GeminiMacros" */ = {
			isa = XCConfigurationList;
			buildConfigurations = (
				FE61C77BDE0D996A774B67DD /* Debug */,
				C166AF0468F64C1D1DDBD393 /* Release */,
			);
			defaultConfigurationIsVisible = 0;
			defaultConfigurationName = Debug;
		};
/* End XCConfigurationList section */

/* Begin XCRemoteSwiftPackageReference section */
		86D7C03B82FD202299C05680 /* XCRemoteSwiftPackageReference "KeychainAccess" */ = {
			isa = XCRemoteSwiftPackageReference;
			repositoryURL = "https://github.com/kishikawakatsumi/KeychainAccess.git";
			requirement = {
				kind = upToNextMajorVersion;
				minimumVersion = 4.2.2;
			};
		};
		B322512268A2AB29B0019FC5 /* XCRemoteSwiftPackageReference "KeyboardShortcuts" */ = {
			isa = XCRemoteSwiftPackageReference;
			repositoryURL = "https://github.com/sindresorhus/KeyboardShortcuts.git";
			requirement = {
				kind = upToNextMajorVersion;
				minimumVersion = 2.2.0;
			};
		};
/* End XCRemoteSwiftPackageReference section */

/* Begin XCSwiftPackageProductDependency section */
		1DD6D04E86F16A6F5E87A07B /* KeyboardShortcuts */ = {
			isa = XCSwiftPackageProductDependency;
			package = B322512268A2AB29B0019FC5 /* XCRemoteSwiftPackageReference "KeyboardShortcuts" */;
			productName = KeyboardShortcuts;
		};
		9C8579BDE25EFDCE445935AB /* KeychainAccess */ = {
			isa = XCSwiftPackageProductDependency;
			package = 86D7C03B82FD202299C05680 /* XCRemoteSwiftPackageReference "KeychainAccess" */;
			productName = KeychainAccess;
		};
/* End XCSwiftPackageProductDependency section */
	};
	rootObject = 8621C8A47797ECCEFA7B582C /* Project object */;
}
